
Microsoft Visual Studio Solution File, Format Version 12.00
Project("{2150E333-8FDC-42A3-9474-1A3956D46DE8}") = "src", "src", "{86C9A43B-ABC7-403E-87AD-C58EF52CD482}"
	ProjectSection(SolutionItems) = preProject
		README.md = README.md
	EndProjectSection
EndProject
Project("{FAE04EC0-301F-11D3-BF4B-00C04F79EFBC}") = "CSharp11", "src\CSharp11\CSharp11.csproj", "{01BC8AC2-DBE7-4F91-83E5-63612DD99385}"
EndProject
Project("{FAE04EC0-301F-11D3-BF4B-00C04F79EFBC}") = "CodeAnalysis", "src\CodeAnalysis\CodeAnalysis.csproj", "{3596D6B1-67A9-48C4-B9F9-CEA07ABD6754}"
EndProject
Project("{FAE04EC0-301F-11D3-BF4B-00C04F79EFBC}") = "CSharp10", "src\CSharp10\CSharp10.csproj", "{9240BAEC-4545-48AE-9182-92F7F7288E46}"
EndProject
Project("{FAE04EC0-301F-11D3-BF4B-00C04F79EFBC}") = "UnitTesting", "src\UnitTesting\UnitTesting.csproj", "{509DE956-53F9-4419-91CB-4B1311E278F9}"
EndProject
Project("{FAE04EC0-301F-11D3-BF4B-00C04F79EFBC}") = "CodeEditing", "src\CodeEditing\CodeEditing.csproj", "{6C56C6F5-2675-48AF-8425-A0B7EAC4CDDB}"
EndProject
Project("{FAE04EC0-301F-11D3-BF4B-00C04F79EFBC}") = "EntityFrameworkEditing", "src\EntityFrameworkEditing\EntityFrameworkEditing.csproj", "{F05A3E09-995E-4539-BBC7-A50A8FE3B625}"
EndProject
Project("{FAE04EC0-301F-11D3-BF4B-00C04F79EFBC}") = "Navigation", "src\Navigation\Navigation.csproj", "{F422F762-F9E4-4F54-949C-EE3AB0B07A53}"
EndProject
Project("{FAE04EC0-301F-11D3-BF4B-00C04F79EFBC}") = "CSharp12", "src\CSharp12\CSharp12.csproj", "{A7F16CC3-8F48-4E57-8471-B9E72B6150E7}"
EndProject
Project("{FAE04EC0-301F-11D3-BF4B-00C04F79EFBC}") = "CodeGeneration", "src\CodeGeneration\CodeGeneration.csproj", "{A462C1F3-6CCD-4FB2-ADB5-C0C641DA50DF}"
EndProject
Project("{FAE04EC0-301F-11D3-BF4B-00C04F79EFBC}") = "RSRD242", "src\RSRD242\RSRD242.csproj", "{A3FC45DE-A307-433E-8DC1-B015985DBB84}"
EndProject
Project("{FAE04EC0-301F-11D3-BF4B-00C04F79EFBC}") = "RSRD243", "src\RSRD243\RSRD243.csproj", "{7AA4E4BA-0FC0-4BC6-A84F-3AFC27AD9A4B}"
EndProject
Global
	GlobalSection(SolutionConfigurationPlatforms) = preSolution
		Debug|Any CPU = Debug|Any CPU
		Release|Any CPU = Release|Any CPU
	EndGlobalSection
	GlobalSection(NestedProjects) = preSolution
		{01BC8AC2-DBE7-4F91-83E5-63612DD99385} = {86C9A43B-ABC7-403E-87AD-C58EF52CD482}
		{3596D6B1-67A9-48C4-B9F9-CEA07ABD6754} = {86C9A43B-ABC7-403E-87AD-C58EF52CD482}
		{9240BAEC-4545-48AE-9182-92F7F7288E46} = {86C9A43B-ABC7-403E-87AD-C58EF52CD482}
		{509DE956-53F9-4419-91CB-4B1311E278F9} = {86C9A43B-ABC7-403E-87AD-C58EF52CD482}
		{6C56C6F5-2675-48AF-8425-A0B7EAC4CDDB} = {86C9A43B-ABC7-403E-87AD-C58EF52CD482}
		{F05A3E09-995E-4539-BBC7-A50A8FE3B625} = {86C9A43B-ABC7-403E-87AD-C58EF52CD482}
		{F422F762-F9E4-4F54-949C-EE3AB0B07A53} = {86C9A43B-ABC7-403E-87AD-C58EF52CD482}
		{A7F16CC3-8F48-4E57-8471-B9E72B6150E7} = {86C9A43B-ABC7-403E-87AD-C58EF52CD482}
		{A462C1F3-6CCD-4FB2-ADB5-C0C641DA50DF} = {86C9A43B-ABC7-403E-87AD-C58EF52CD482}
		{A3FC45DE-A307-433E-8DC1-B015985DBB84} = {86C9A43B-ABC7-403E-87AD-C58EF52CD482}
		{7AA4E4BA-0FC0-4BC6-A84F-3AFC27AD9A4B} = {86C9A43B-ABC7-403E-87AD-C58EF52CD482}
	EndGlobalSection
	GlobalSection(ProjectConfigurationPlatforms) = postSolution
		{01BC8AC2-DBE7-4F91-83E5-63612DD99385}.Debug|Any CPU.ActiveCfg = Debug|Any CPU
		{01BC8AC2-DBE7-4F91-83E5-63612DD99385}.Debug|Any CPU.Build.0 = Debug|Any CPU
		{01BC8AC2-DBE7-4F91-83E5-63612DD99385}.Release|Any CPU.ActiveCfg = Release|Any CPU
		{01BC8AC2-DBE7-4F91-83E5-63612DD99385}.Release|Any CPU.Build.0 = Release|Any CPU
		{3596D6B1-67A9-48C4-B9F9-CEA07ABD6754}.Debug|Any CPU.ActiveCfg = Debug|Any CPU
		{3596D6B1-67A9-48C4-B9F9-CEA07ABD6754}.Debug|Any CPU.Build.0 = Debug|Any CPU
		{3596D6B1-67A9-48C4-B9F9-CEA07ABD6754}.Release|Any CPU.ActiveCfg = Release|Any CPU
		{3596D6B1-67A9-48C4-B9F9-CEA07ABD6754}.Release|Any CPU.Build.0 = Release|Any CPU
		{9240BAEC-4545-48AE-9182-92F7F7288E46}.Debug|Any CPU.ActiveCfg = Debug|Any CPU
		{9240BAEC-4545-48AE-9182-92F7F7288E46}.Debug|Any CPU.Build.0 = Debug|Any CPU
		{9240BAEC-4545-48AE-9182-92F7F7288E46}.Release|Any CPU.ActiveCfg = Release|Any CPU
		{9240BAEC-4545-48AE-9182-92F7F7288E46}.Release|Any CPU.Build.0 = Release|Any CPU
		{509DE956-53F9-4419-91CB-4B1311E278F9}.Debug|Any CPU.ActiveCfg = Debug|Any CPU
		{509DE956-53F9-4419-91CB-4B1311E278F9}.Debug|Any CPU.Build.0 = Debug|Any CPU
		{509DE956-53F9-4419-91CB-4B1311E278F9}.Release|Any CPU.ActiveCfg = Release|Any CPU
		{509DE956-53F9-4419-91CB-4B1311E278F9}.Release|Any CPU.Build.0 = Release|Any CPU
		{6C56C6F5-2675-48AF-8425-A0B7EAC4CDDB}.Debug|Any CPU.ActiveCfg = Debug|Any CPU
		{6C56C6F5-2675-48AF-8425-A0B7EAC4CDDB}.Debug|Any CPU.Build.0 = Debug|Any CPU
		{6C56C6F5-2675-48AF-8425-A0B7EAC4CDDB}.Release|Any CPU.ActiveCfg = Release|Any CPU
		{6C56C6F5-2675-48AF-8425-A0B7EAC4CDDB}.Release|Any CPU.Build.0 = Release|Any CPU
		{F05A3E09-995E-4539-BBC7-A50A8FE3B625}.Debug|Any CPU.ActiveCfg = Debug|Any CPU
		{F05A3E09-995E-4539-BBC7-A50A8FE3B625}.Debug|Any CPU.Build.0 = Debug|Any CPU
		{F05A3E09-995E-4539-BBC7-A50A8FE3B625}.Release|Any CPU.ActiveCfg = Release|Any CPU
		{F05A3E09-995E-4539-BBC7-A50A8FE3B625}.Release|Any CPU.Build.0 = Release|Any CPU
		{F422F762-F9E4-4F54-949C-EE3AB0B07A53}.Debug|Any CPU.ActiveCfg = Debug|Any CPU
		{F422F762-F9E4-4F54-949C-EE3AB0B07A53}.Debug|Any CPU.Build.0 = Debug|Any CPU
		{F422F762-F9E4-4F54-949C-EE3AB0B07A53}.Release|Any CPU.ActiveCfg = Release|Any CPU
		{F422F762-F9E4-4F54-949C-EE3AB0B07A53}.Release|Any CPU.Build.0 = Release|Any CPU
		{A7F16CC3-8F48-4E57-8471-B9E72B6150E7}.Debug|Any CPU.ActiveCfg = Debug|Any CPU
		{A7F16CC3-8F48-4E57-8471-B9E72B6150E7}.Debug|Any CPU.Build.0 = Debug|Any CPU
		{A7F16CC3-8F48-4E57-8471-B9E72B6150E7}.Release|Any CPU.ActiveCfg = Release|Any CPU
		{A7F16CC3-8F48-4E57-8471-B9E72B6150E7}.Release|Any CPU.Build.0 = Release|Any CPU
		{A462C1F3-6CCD-4FB2-ADB5-C0C641DA50DF}.Debug|Any CPU.ActiveCfg = Debug|Any CPU
		{A462C1F3-6CCD-4FB2-ADB5-C0C641DA50DF}.Debug|Any CPU.Build.0 = Debug|Any CPU
		{A462C1F3-6CCD-4FB2-ADB5-C0C641DA50DF}.Release|Any CPU.ActiveCfg = Release|Any CPU
		{A462C1F3-6CCD-4FB2-ADB5-C0C641DA50DF}.Release|Any CPU.Build.0 = Release|Any CPU
		{A3FC45DE-A307-433E-8DC1-B015985DBB84}.Debug|Any CPU.ActiveCfg = Debug|Any CPU
		{A3FC45DE-A307-433E-8DC1-B015985DBB84}.Debug|Any CPU.Build.0 = Debug|Any CPU
		{A3FC45DE-A307-433E-8DC1-B015985DBB84}.Release|Any CPU.ActiveCfg = Release|Any CPU
		{A3FC45DE-A307-433E-8DC1-B015985DBB84}.Release|Any CPU.Build.0 = Release|Any CPU
		{7AA4E4BA-0FC0-4BC6-A84F-3AFC27AD9A4B}.Debug|Any CPU.ActiveCfg = Debug|Any CPU
		{7AA4E4BA-0FC0-4BC6-A84F-3AFC27AD9A4B}.Debug|Any CPU.Build.0 = Debug|Any CPU
		{7AA4E4BA-0FC0-4BC6-A84F-3AFC27AD9A4B}.Release|Any CPU.ActiveCfg = Release|Any CPU
		{7AA4E4BA-0FC0-4BC6-A84F-3AFC27AD9A4B}.Release|Any CPU.Build.0 = Release|Any CPU
	EndGlobalSection
EndGlobal
